lockfileVersion: '9.0'

settings:
  autoInstallPeers: true
  excludeLinksFromLockfile: false

importers:

  .:
    dependencies:
      '@tiptap/extension-document':
        specifier: ^2.9.1
        version: 2.9.1(@tiptap/core@2.9.1(@tiptap/pm@2.9.1))
      '@tiptap/extension-dropcursor':
        specifier: ^2.9.1
        version: 2.9.1(@tiptap/core@2.9.1(@tiptap/pm@2.9.1))(@tiptap/pm@2.9.1)
      '@tiptap/extension-image':
        specifier: ^2.9.1
        version: 2.9.1(@tiptap/core@2.9.1(@tiptap/pm@2.9.1))
      '@tiptap/extension-paragraph':
        specifier: ^2.9.1
        version: 2.9.1(@tiptap/core@2.9.1(@tiptap/pm@2.9.1))
      '@tiptap/extension-text':
        specifier: ^2.9.1
        version: 2.9.1(@tiptap/core@2.9.1(@tiptap/pm@2.9.1))

packages:

  '@remirror/core-constants@3.0.0':
    resolution: {integrity: sha512-42aWfPrimMfDKDi4YegyS7x+/0tlzaqwPQCULLanv3DMIlu96KTJR0fM5isWX2UViOqlGnX6YFgqWepcX+XMNg==}

  '@tiptap/core@2.9.1':
    resolution: {integrity: sha512-tifnLL/ARzQ6/FGEJjVwj9UT3v+pENdWHdk9x6F3X0mB1y0SeCjV21wpFLYESzwNdBPAj8NMp8Behv7dBnhIfw==}
    peerDependencies:
      '@tiptap/pm': ^2.7.0

  '@tiptap/extension-document@2.9.1':
    resolution: {integrity: sha512-1a+HCoDPnBttjqExfYLwfABq8MYdiowhy/wp8eCxVb6KGFEENO53KapstISvPzqH7eOi+qRjBB1KtVYb/ZXicg==}
    peerDependencies:
      '@tiptap/core': ^2.7.0

  '@tiptap/extension-dropcursor@2.9.1':
    resolution: {integrity: sha512-wJZspSmJRkDBtPkzFz1g7gvZOEOayk8s93UHsgbJxcV4VWHYleZ5XhT74sZunSjefNDm3qC6v2BSgLp3vNHVKQ==}
    peerDependencies:
      '@tiptap/core': ^2.7.0
      '@tiptap/pm': ^2.7.0

  '@tiptap/extension-image@2.9.1':
    resolution: {integrity: sha512-aGqJnsuS8oagIhsx7wetm8jw4NEDsOV0OSx4FQ4VPlUqWlnzK0N+erFKKJmXTdAxL8PGzoPSlITFH63MV3eV3Q==}
    peerDependencies:
      '@tiptap/core': ^2.7.0

  '@tiptap/extension-paragraph@2.9.1':
    resolution: {integrity: sha512-JOmT0xd4gd3lIhLwrsjw8lV+ZFROKZdIxLi0Ia05XSu4RLrrvWj0zdKMSB+V87xOWfSB3Epo95zAvnPox5Q16A==}
    peerDependencies:
      '@tiptap/core': ^2.7.0

  '@tiptap/extension-text@2.9.1':
    resolution: {integrity: sha512-3wo9uCrkLVLQFgbw2eFU37QAa1jq1/7oExa+FF/DVxdtHRS9E2rnUZ8s2hat/IWzvPUHXMwo3Zg2XfhoamQpCA==}
    peerDependencies:
      '@tiptap/core': ^2.7.0

  '@tiptap/pm@2.9.1':
    resolution: {integrity: sha512-mvV86fr7kEuDYEApQ2uMPCKL2uagUE0BsXiyyz3KOkY1zifyVm1fzdkscb24Qy1GmLzWAIIihA+3UHNRgYdOlQ==}

  '@types/linkify-it@5.0.0':
    resolution: {integrity: sha512-sVDA58zAw4eWAffKOaQH5/5j3XeayukzDk+ewSsnv3p4yJEZHCCzMDiZM8e0OUrRvmpGZ85jf4yDHkHsgBNr9Q==}

  '@types/markdown-it@14.1.2':
    resolution: {integrity: sha512-promo4eFwuiW+TfGxhi+0x3czqTYJkG8qB17ZUJiVF10Xm7NLVRSLUsfRTU/6h1e24VvRnXCx+hG7li58lkzog==}

  '@types/mdurl@2.0.0':
    resolution: {integrity: sha512-RGdgjQUZba5p6QEFAVx2OGb8rQDL/cPRG7GiedRzMcJ1tYnUANBncjbSB1NRGwbvjcPeikRABz2nshyPk1bhWg==}

  argparse@2.0.1:
    resolution: {integrity: sha512-8+9WqebbFzpX9OR+Wa6O29asIogeRMzcGtAINdpMHHyAg10f05aSFVBbcEqGf/PXw1EjAZ+q2/bEBg3DvurK3Q==}

  crelt@1.0.6:
    resolution: {integrity: sha512-VQ2MBenTq1fWZUH9DJNGti7kKv6EeAuYr3cLwxUWhIu1baTaXh4Ib5W2CqHVqib4/MqbYGJqiL3Zb8GJZr3l4g==}

  entities@4.5.0:
    resolution: {integrity: sha512-V0hjH4dGPh9Ao5p0MoRY6BVqtwCjhz6vI5LT8AJ55H+4g9/4vbHx1I54fS0XuclLhDHArPQCiMjDxjaL8fPxhw==}
    engines: {node: '>=0.12'}

  escape-string-regexp@4.0.0:
    resolution: {integrity: sha512-TtpcNJ3XAzx3Gq8sWRzJaVajRs0uVxA2YAkdb1jm2YkPz4G6egUFAyA3n5vtEIZefPk5Wa4UXbKuS5fKkJWdgA==}
    engines: {node: '>=10'}

  linkify-it@5.0.0:
    resolution: {integrity: sha512-5aHCbzQRADcdP+ATqnDuhhJ/MRIqDkZX5pyjFHRRysS8vZ5AbqGEoFIb6pYHPZ+L/OC2Lc+xT8uHVVR5CAK/wQ==}

  markdown-it@14.1.0:
    resolution: {integrity: sha512-a54IwgWPaeBCAAsv13YgmALOF1elABB08FxO9i+r4VFk5Vl4pKokRPeX8u5TCgSsPi6ec1otfLjdOpVcgbpshg==}
    hasBin: true

  mdurl@2.0.0:
    resolution: {integrity: sha512-Lf+9+2r+Tdp5wXDXC4PcIBjTDtq4UKjCPMQhKIuzpJNW0b96kVqSwW0bT7FhRSfmAiFYgP+SCRvdrDozfh0U5w==}

  orderedmap@2.1.1:
    resolution: {integrity: sha512-TvAWxi0nDe1j/rtMcWcIj94+Ffe6n7zhow33h40SKxmsmozs6dz/e+EajymfoFcHd7sxNn8yHM8839uixMOV6g==}

  prosemirror-changeset@2.2.1:
    resolution: {integrity: sha512-J7msc6wbxB4ekDFj+n9gTW/jav/p53kdlivvuppHsrZXCaQdVgRghoZbSS3kwrRyAstRVQ4/+u5k7YfLgkkQvQ==}

  prosemirror-collab@1.3.1:
    resolution: {integrity: sha512-4SnynYR9TTYaQVXd/ieUvsVV4PDMBzrq2xPUWutHivDuOshZXqQ5rGbZM84HEaXKbLdItse7weMGOUdDVcLKEQ==}

  prosemirror-commands@1.6.2:
    resolution: {integrity: sha512-0nDHH++qcf/BuPLYvmqZTUUsPJUCPBUXt0J1ErTcDIS369CTp773itzLGIgIXG4LJXOlwYCr44+Mh4ii6MP1QA==}

  prosemirror-dropcursor@1.8.1:
    resolution: {integrity: sha512-M30WJdJZLyXHi3N8vxN6Zh5O8ZBbQCz0gURTfPmTIBNQ5pxrdU7A58QkNqfa98YEjSAL1HUyyU34f6Pm5xBSGw==}

  prosemirror-gapcursor@1.3.2:
    resolution: {integrity: sha512-wtjswVBd2vaQRrnYZaBCbyDqr232Ed4p2QPtRIUK5FuqHYKGWkEwl08oQM4Tw7DOR0FsasARV5uJFvMZWxdNxQ==}

  prosemirror-history@1.4.1:
    resolution: {integrity: sha512-2JZD8z2JviJrboD9cPuX/Sv/1ChFng+xh2tChQ2X4bB2HeK+rra/bmJ3xGntCcjhOqIzSDG6Id7e8RJ9QPXLEQ==}

  prosemirror-inputrules@1.4.0:
    resolution: {integrity: sha512-6ygpPRuTJ2lcOXs9JkefieMst63wVJBgHZGl5QOytN7oSZs3Co/BYbc3Yx9zm9H37Bxw8kVzCnDsihsVsL4yEg==}

  prosemirror-keymap@1.2.2:
    resolution: {integrity: sha512-EAlXoksqC6Vbocqc0GtzCruZEzYgrn+iiGnNjsJsH4mrnIGex4qbLdWWNza3AW5W36ZRrlBID0eM6bdKH4OStQ==}

  prosemirror-markdown@1.13.1:
    resolution: {integrity: sha512-Sl+oMfMtAjWtlcZoj/5L/Q39MpEnVZ840Xo330WJWUvgyhNmLBLN7MsHn07s53nG/KImevWHSE6fEj4q/GihHw==}

  prosemirror-menu@1.2.4:
    resolution: {integrity: sha512-S/bXlc0ODQup6aiBbWVsX/eM+xJgCTAfMq/nLqaO5ID/am4wS0tTCIkzwytmao7ypEtjj39i7YbJjAgO20mIqA==}

  prosemirror-model@1.23.0:
    resolution: {integrity: sha512-Q/fgsgl/dlOAW9ILu4OOhYWQbc7TQd4BwKH/RwmUjyVf8682Be4zj3rOYdLnYEcGzyg8LL9Q5IWYKD8tdToreQ==}

  prosemirror-schema-basic@1.2.3:
    resolution: {integrity: sha512-h+H0OQwZVqMon1PNn0AG9cTfx513zgIG2DY00eJ00Yvgb3UD+GQ/VlWW5rcaxacpCGT1Yx8nuhwXk4+QbXUfJA==}

  prosemirror-schema-list@1.4.1:
    resolution: {integrity: sha512-jbDyaP/6AFfDfu70VzySsD75Om2t3sXTOdl5+31Wlxlg62td1haUpty/ybajSfJ1pkGadlOfwQq9kgW5IMo1Rg==}

  prosemirror-state@1.4.3:
    resolution: {integrity: sha512-goFKORVbvPuAQaXhpbemJFRKJ2aixr+AZMGiquiqKxaucC6hlpHNZHWgz5R7dS4roHiwq9vDctE//CZ++o0W1Q==}

  prosemirror-tables@1.6.1:
    resolution: {integrity: sha512-p8WRJNA96jaNQjhJolmbxTzd6M4huRE5xQ8OxjvMhQUP0Nzpo4zz6TztEiwk6aoqGBhz9lxRWR1yRZLlpQN98w==}

  prosemirror-trailing-node@3.0.0:
    resolution: {integrity: sha512-xiun5/3q0w5eRnGYfNlW1uU9W6x5MoFKWwq/0TIRgt09lv7Hcser2QYV8t4muXbEr+Fwo0geYn79Xs4GKywrRQ==}
    peerDependencies:
      prosemirror-model: ^1.22.1
      prosemirror-state: ^1.4.2
      prosemirror-view: ^1.33.8

  prosemirror-transform@1.10.2:
    resolution: {integrity: sha512-2iUq0wv2iRoJO/zj5mv8uDUriOHWzXRnOTVgCzSXnktS/2iQRa3UUQwVlkBlYZFtygw6Nh1+X4mGqoYBINn5KQ==}

  prosemirror-view@1.35.0:
    resolution: {integrity: sha512-Umtbh22fmUlpZpRTiOVXA0PpdRZeYEeXQsLp51VfnMhjkJrqJ0n8APinIZrRAD5Jr3UxH8FnOaUqRylSuMsqHA==}

  punycode.js@2.3.1:
    resolution: {integrity: sha512-uxFIHU0YlHYhDQtV4R9J6a52SLx28BCjT+4ieh7IGbgwVJWO+km431c4yRlREUAsAmt/uMjQUyQHNEPf0M39CA==}
    engines: {node: '>=6'}

  rope-sequence@1.3.4:
    resolution: {integrity: sha512-UT5EDe2cu2E/6O4igUr5PSFs23nvvukicWHx6GnOPlHAiiYbzNuCRQCuiUdHJQcqKalLKlrYJnjY0ySGsXNQXQ==}

  uc.micro@2.1.0:
    resolution: {integrity: sha512-ARDJmphmdvUk6Glw7y9DQ2bFkKBHwQHLi2lsaH6PPmz/Ka9sFOBsBluozhDltWmnv9u/cF6Rt87znRTPV+yp/A==}

  w3c-keyname@2.2.8:
    resolution: {integrity: sha512-dpojBhNsCNN7T82Tm7k26A6G9ML3NkhDsnw9n/eoxSRlVBB4CEtIQ/KTCLI2Fwf3ataSXRhYFkQi3SlnFwPvPQ==}

snapshots:

  '@remirror/core-constants@3.0.0': {}

  '@tiptap/core@2.9.1(@tiptap/pm@2.9.1)':
    dependencies:
      '@tiptap/pm': 2.9.1

  '@tiptap/extension-document@2.9.1(@tiptap/core@2.9.1(@tiptap/pm@2.9.1))':
    dependencies:
      '@tiptap/core': 2.9.1(@tiptap/pm@2.9.1)

  '@tiptap/extension-dropcursor@2.9.1(@tiptap/core@2.9.1(@tiptap/pm@2.9.1))(@tiptap/pm@2.9.1)':
    dependencies:
      '@tiptap/core': 2.9.1(@tiptap/pm@2.9.1)
      '@tiptap/pm': 2.9.1

  '@tiptap/extension-image@2.9.1(@tiptap/core@2.9.1(@tiptap/pm@2.9.1))':
    dependencies:
      '@tiptap/core': 2.9.1(@tiptap/pm@2.9.1)

  '@tiptap/extension-paragraph@2.9.1(@tiptap/core@2.9.1(@tiptap/pm@2.9.1))':
    dependencies:
      '@tiptap/core': 2.9.1(@tiptap/pm@2.9.1)

  '@tiptap/extension-text@2.9.1(@tiptap/core@2.9.1(@tiptap/pm@2.9.1))':
    dependencies:
      '@tiptap/core': 2.9.1(@tiptap/pm@2.9.1)

  '@tiptap/pm@2.9.1':
    dependencies:
      prosemirror-changeset: 2.2.1
      prosemirror-collab: 1.3.1
      prosemirror-commands: 1.6.2
      prosemirror-dropcursor: 1.8.1
      prosemirror-gapcursor: 1.3.2
      prosemirror-history: 1.4.1
      prosemirror-inputrules: 1.4.0
      prosemirror-keymap: 1.2.2
      prosemirror-markdown: 1.13.1
      prosemirror-menu: 1.2.4
      prosemirror-model: 1.23.0
      prosemirror-schema-basic: 1.2.3
      prosemirror-schema-list: 1.4.1
      prosemirror-state: 1.4.3
      prosemirror-tables: 1.6.1
      prosemirror-trailing-node: 3.0.0(prosemirror-model@1.23.0)(prosemirror-state@1.4.3)(prosemirror-view@1.35.0)
      prosemirror-transform: 1.10.2
      prosemirror-view: 1.35.0

  '@types/linkify-it@5.0.0': {}

  '@types/markdown-it@14.1.2':
    dependencies:
      '@types/linkify-it': 5.0.0
      '@types/mdurl': 2.0.0

  '@types/mdurl@2.0.0': {}

  argparse@2.0.1: {}

  crelt@1.0.6: {}

  entities@4.5.0: {}

  escape-string-regexp@4.0.0: {}

  linkify-it@5.0.0:
    dependencies:
      uc.micro: 2.1.0

  markdown-it@14.1.0:
    dependencies:
      argparse: 2.0.1
      entities: 4.5.0
      linkify-it: 5.0.0
      mdurl: 2.0.0
      punycode.js: 2.3.1
      uc.micro: 2.1.0

  mdurl@2.0.0: {}

  orderedmap@2.1.1: {}

  prosemirror-changeset@2.2.1:
    dependencies:
      prosemirror-transform: 1.10.2

  prosemirror-collab@1.3.1:
    dependencies:
      prosemirror-state: 1.4.3

  prosemirror-commands@1.6.2:
    dependencies:
      prosemirror-model: 1.23.0
      prosemirror-state: 1.4.3
      prosemirror-transform: 1.10.2

  prosemirror-dropcursor@1.8.1:
    dependencies:
      prosemirror-state: 1.4.3
      prosemirror-transform: 1.10.2
      prosemirror-view: 1.35.0

  prosemirror-gapcursor@1.3.2:
    dependencies:
      prosemirror-keymap: 1.2.2
      prosemirror-model: 1.23.0
      prosemirror-state: 1.4.3
      prosemirror-view: 1.35.0

  prosemirror-history@1.4.1:
    dependencies:
      prosemirror-state: 1.4.3
      prosemirror-transform: 1.10.2
      prosemirror-view: 1.35.0
      rope-sequence: 1.3.4

  prosemirror-inputrules@1.4.0:
    dependencies:
      prosemirror-state: 1.4.3
      prosemirror-transform: 1.10.2

  prosemirror-keymap@1.2.2:
    dependencies:
      prosemirror-state: 1.4.3
      w3c-keyname: 2.2.8

  prosemirror-markdown@1.13.1:
    dependencies:
      '@types/markdown-it': 14.1.2
      markdown-it: 14.1.0
      prosemirror-model: 1.23.0

  prosemirror-menu@1.2.4:
    dependencies:
      crelt: 1.0.6
      prosemirror-commands: 1.6.2
      prosemirror-history: 1.4.1
      prosemirror-state: 1.4.3

  prosemirror-model@1.23.0:
    dependencies:
      orderedmap: 2.1.1

  prosemirror-schema-basic@1.2.3:
    dependencies:
      prosemirror-model: 1.23.0

  prosemirror-schema-list@1.4.1:
    dependencies:
      prosemirror-model: 1.23.0
      prosemirror-state: 1.4.3
      prosemirror-transform: 1.10.2

  prosemirror-state@1.4.3:
    dependencies:
      prosemirror-model: 1.23.0
      prosemirror-transform: 1.10.2
      prosemirror-view: 1.35.0

  prosemirror-tables@1.6.1:
    dependencies:
      prosemirror-keymap: 1.2.2
      prosemirror-model: 1.23.0
      prosemirror-state: 1.4.3
      prosemirror-transform: 1.10.2
      prosemirror-view: 1.35.0

  prosemirror-trailing-node@3.0.0(prosemirror-model@1.23.0)(prosemirror-state@1.4.3)(prosemirror-view@1.35.0):
    dependencies:
      '@remirror/core-constants': 3.0.0
      escape-string-regexp: 4.0.0
      prosemirror-model: 1.23.0
      prosemirror-state: 1.4.3
      prosemirror-view: 1.35.0

  prosemirror-transform@1.10.2:
    dependencies:
      prosemirror-model: 1.23.0

  prosemirror-view@1.35.0:
    dependencies:
      prosemirror-model: 1.23.0
      prosemirror-state: 1.4.3
      prosemirror-transform: 1.10.2

  punycode.js@2.3.1: {}

  rope-sequence@1.3.4: {}

  uc.micro@2.1.0: {}

  w3c-keyname@2.2.8: {}
